
Microsoft Visual Studio Solution File, Format Version 12.00
# Visual Studio 15
VisualStudioVersion = 15.0.27004.2002
MinimumVisualStudioVersion = 10.0.40219.1
Project("{FAE04EC0-301F-11D3-BF4B-00C04F79EFBC}") = "MemoryUtils", "MemoryUtils\MemoryUtils.csproj", "{96EDBE32-1275-49CB-92AC-8EB20BB97054}"
EndProject
Global
	GlobalSection(SolutionConfigurationPlatforms) = preSolution
		Debug|Any CPU = Debug|Any CPU
		Release|Any CPU = Release|Any CPU
	EndGlobalSection
	GlobalSection(ProjectConfigurationPlatforms) = postSolution
		{96EDBE32-1275-49CB-92AC-8EB20BB97054}.Debug|Any CPU.ActiveCfg = Debug|Any CPU
		{96EDBE32-1275-49CB-92AC-8EB20BB97054}.Debug|Any CPU.Build.0 = Debug|Any CPU
		{96EDBE32-1275-49CB-92AC-8EB20BB97054}.Release|Any CPU.ActiveCfg = Release|Any CPU
		{96EDBE32-1275-49CB-92AC-8EB20BB97054}.Release|Any CPU.Build.0 = Release|Any CPU
	EndGlobalSection
	GlobalSection(SolutionProperties) = preSolution
		HideSolutionNode = FALSE
	EndGlobalSection
	GlobalSection(ExtensibilityGlobals) = postSolution
		SolutionGuid = {F3A30E44-80CF-4805-8F06-14E7AF9A1DAC}
	EndGlobalSection
EndGlobal
